
Microsoft Visual Studio Solution File, Format Version 12.00
# Visual Studio Version 16
VisualStudioVersion = 16.0.31729.503
MinimumVisualStudioVersion = 10.0.40219.1
Project("{9A19103F-16F7-4668-BE54-9A1E7A4F7556}") = "LinqBasic", "LinqBasic\LinqBasic.csproj", "{225CCC88-D3F3-4BE0-BD04-7C4A0A19351E}"
EndProject
Project("{9A19103F-16F7-4668-BE54-9A1E7A4F7556}") = "ExtensionMethods", "Extension\ExtensionMethods.csproj", "{C6C62AD2-6570-439C-B258-24FF1C1A20EB}"
EndProject
Project("{9A19103F-16F7-4668-BE54-9A1E7A4F7556}") = "LamdaExpression", "LamdaExpression\LamdaExpression.csproj", "{6AF9D09D-CEF0-4CF3-BFA6-A994DA5B3C8F}"
EndProject
Project("{9A19103F-16F7-4668-BE54-9A1E7A4F7556}") = "ActionVsFunc", "ActionVsFunc\ActionVsFunc.csproj", "{13D9BF58-1D13-4EC2-85DD-B72B1205AD4C}"
EndProject
Project("{9A19103F-16F7-4668-BE54-9A1E7A4F7556}") = "QueryAndMethodSyntax", "QueryAndMethodSyntax\QueryAndMethodSyntax.csproj", "{097DF7FE-DCBC-4E70-A232-6961D691F488}"
EndProject
Project("{9A19103F-16F7-4668-BE54-9A1E7A4F7556}") = "CustomFilterOperator", "CustomFilterOperator\CustomFilterOperator.csproj", "{589BC0D3-E730-4829-9C1B-261106BAA1FE}"
EndProject
Project("{9A19103F-16F7-4668-BE54-9A1E7A4F7556}") = "FilteringOperator", "FilteringOperator\FilteringOperator.csproj", "{7E7AF3BB-E0F9-4B39-B008-0956C44327DE}"
EndProject
Project("{9A19103F-16F7-4668-BE54-9A1E7A4F7556}") = "SortingOperator", "SortingOperator\SortingOperator.csproj", "{BDCC92A1-7131-47DD-B8F5-369C124838A3}"
EndProject
Project("{9A19103F-16F7-4668-BE54-9A1E7A4F7556}") = "GroupingOperator", "GroupingOperator\GroupingOperator.csproj", "{4A57987E-4AB1-4597-BF71-FC0FDB8DF1D8}"
EndProject
Project("{9A19103F-16F7-4668-BE54-9A1E7A4F7556}") = "JoiningOperator", "JoiningOperator\JoiningOperator.csproj", "{0EFFF790-5E7C-44B3-BA17-6D50B7CE6F01}"
EndProject
Project("{9A19103F-16F7-4668-BE54-9A1E7A4F7556}") = "ProjectionOperators", "ProjectionOperators\ProjectionOperators.csproj", "{AC5BFA66-7577-4D04-A9B6-530206C65815}"
EndProject
Project("{9A19103F-16F7-4668-BE54-9A1E7A4F7556}") = "QuantifierOperators", "QuantifierOperators\QuantifierOperators.csproj", "{D5135C35-786E-4124-9B54-A658FF79001D}"
EndProject
Project("{9A19103F-16F7-4668-BE54-9A1E7A4F7556}") = "AggregationOperators", "AggregationOperators\AggregationOperators.csproj", "{5A300BB8-EB74-4D03-9C40-FE207F045F4C}"
EndProject
Project("{9A19103F-16F7-4668-BE54-9A1E7A4F7556}") = "ElementOperators", "ElementOperators\ElementOperators.csproj", "{08A5151B-7514-4144-9F24-2A8FAF02B369}"
EndProject
Project("{9A19103F-16F7-4668-BE54-9A1E7A4F7556}") = "EqualityOperators", "EqualityOperators\EqualityOperators.csproj", "{389C020C-515F-47B7-B8AA-18DA0B75264E}"
EndProject
Project("{9A19103F-16F7-4668-BE54-9A1E7A4F7556}") = "ConCatenationOperator", "ConCatenationOperator\ConCatenationOperator.csproj", "{52A2B893-1FB1-4AA1-BE55-85A54221E016}"
EndProject
Project("{9A19103F-16F7-4668-BE54-9A1E7A4F7556}") = "GenerationOperators", "GenerationOperators\GenerationOperators.csproj", "{6603C114-9F29-48C0-B70A-DB46F0DB0102}"
EndProject
Project("{9A19103F-16F7-4668-BE54-9A1E7A4F7556}") = "SetOperators", "SetOperators\SetOperators.csproj", "{136D7D9A-200A-46C1-BDB6-FF62C82D1820}"
EndProject
Project("{9A19103F-16F7-4668-BE54-9A1E7A4F7556}") = "PartitioningOperators", "PartitioningOperators\PartitioningOperators.csproj", "{5E573D29-FCF4-4192-8802-98B45F3F078F}"
EndProject
Project("{9A19103F-16F7-4668-BE54-9A1E7A4F7556}") = "ConversionOperator", "ConversionOperator\ConversionOperator.csproj", "{92162617-5666-46C5-A74D-C49E656A50B1}"
EndProject
Project("{9A19103F-16F7-4668-BE54-9A1E7A4F7556}") = "ImmediateExecution", "ImmediateExecution\ImmediateExecution.csproj", "{BE4C2779-A807-452D-A59E-7A796BA3F926}"
EndProject
Project("{9A19103F-16F7-4668-BE54-9A1E7A4F7556}") = "Expression", "Expression\Expression.csproj", "{2A69050F-17FD-4341-A6F3-85FD01F1899D}"
EndProject
Project("{9A19103F-16F7-4668-BE54-9A1E7A4F7556}") = "ExpressionTree", "ExpressionTree\ExpressionTree.csproj", "{6A580893-5724-48C7-B99C-9A8406DE5FD7}"
EndProject
Project("{9A19103F-16F7-4668-BE54-9A1E7A4F7556}") = "LetKeyword", "LetKeyword\LetKeyword.csproj", "{C38EAF3A-EAB2-4639-8563-C06058517904}"
EndProject
Project("{9A19103F-16F7-4668-BE54-9A1E7A4F7556}") = "WorkWithCvsFile", "WorkWithCvsFile\WorkWithCvsFile.csproj", "{D308802A-D95E-4BB5-829D-273A35E85637}"
EndProject
Project("{9A19103F-16F7-4668-BE54-9A1E7A4F7556}") = "IntoKeyWord", "IntoKeyword\IntoKeyWord.csproj", "{BA07C60A-EDCE-4AF1-96C3-7440F634B15F}"
EndProject
Project("{9A19103F-16F7-4668-BE54-9A1E7A4F7556}") = "WorkingWithJson", "WorkingWithJson\WorkingWithJson.csproj", "{8F8EBC0D-8C3D-45F8-ADB0-47A468E7B141}"
EndProject
Project("{9A19103F-16F7-4668-BE54-9A1E7A4F7556}") = "WorkingWithXmlFile", "WorkingWithXmlFile\WorkingWithXmlFile.csproj", "{0976587F-4190-4697-9A7F-2A13C4BA4640}"
EndProject
Project("{9A19103F-16F7-4668-BE54-9A1E7A4F7556}") = "WorkingWithEFCore", "WorkingWithEFCore\WorkingWithEFCore.csproj", "{8BC37690-4F68-4244-91EC-8CC65B60C31E}"
EndProject
Project("{9A19103F-16F7-4668-BE54-9A1E7A4F7556}") = "EmployeesListEFDbFisrt", "EmployeesListEFDbFisrt\EmployeesListEFDbFisrt.csproj", "{5251D100-FD88-44AD-B44A-FC23769E9593}"
EndProject
Project("{9A19103F-16F7-4668-BE54-9A1E7A4F7556}") = "EFCore", "EFCore\EFCore.csproj", "{F9404865-31E5-4950-B169-8136FFF15C13}"
EndProject
Project("{2150E333-8FDC-42A3-9474-1A3956D46DE8}") = "EFCoreBasic", "EFCoreBasic", "{8859408A-7285-4FB1-B86F-8B860F2AFB0D}"
EndProject
Project("{2150E333-8FDC-42A3-9474-1A3956D46DE8}") = "ADOBasic", "ADOBasic", "{37171343-D83B-40D1-92C5-EF77BC333DEC}"
EndProject
Project("{9A19103F-16F7-4668-BE54-9A1E7A4F7556}") = "EF1", "EF1\EF1.csproj", "{DDC0DAFF-12DA-430B-8425-191FF6962C00}"
EndProject
Project("{9A19103F-16F7-4668-BE54-9A1E7A4F7556}") = "EF2", "EF2\EF2.csproj", "{1DA80FBC-6C49-49BC-AD39-2148F49082A4}"
EndProject
Project("{9A19103F-16F7-4668-BE54-9A1E7A4F7556}") = "Migratoin", "Migratoin\Migratoin.csproj", "{88273EC8-CAE3-4B41-BC26-39FD5E8C9D72}"
EndProject
Project("{9A19103F-16F7-4668-BE54-9A1E7A4F7556}") = "DataFirst", "DataFirst\DataFirst.csproj", "{FB17B2AE-B95D-4569-9013-6588C805E208}"
EndProject
Project("{9A19103F-16F7-4668-BE54-9A1E7A4F7556}") = "EFCore 3", "EFCore 3\EFCore 3.csproj", "{5A14A71B-16B4-4BB9-ADD0-0905BF9D5EB2}"
EndProject
Project("{9A19103F-16F7-4668-BE54-9A1E7A4F7556}") = "ADONet1", "ADONet1\ADONet1.csproj", "{8E792B6F-95D6-42C2-8F70-0D2946B3AE84}"
EndProject
Project("{9A19103F-16F7-4668-BE54-9A1E7A4F7556}") = "ADO2", "ADO2\ADO2.csproj", "{63ACD4B9-6BBB-4013-8E3E-B4F90E5150BF}"
EndProject
Project("{9A19103F-16F7-4668-BE54-9A1E7A4F7556}") = "TestAdapter", "TestAdapter\TestAdapter.csproj", "{0896EB8F-DCA4-45E0-BE9D-5EA0F621E96A}"
EndProject
Global
	GlobalSection(SolutionConfigurationPlatforms) = preSolution
		Debug|Any CPU = Debug|Any CPU
		Release|Any CPU = Release|Any CPU
	EndGlobalSection
	GlobalSection(ProjectConfigurationPlatforms) = postSolution
		{225CCC88-D3F3-4BE0-BD04-7C4A0A19351E}.Debug|Any CPU.ActiveCfg = Debug|Any CPU
		{225CCC88-D3F3-4BE0-BD04-7C4A0A19351E}.Debug|Any CPU.Build.0 = Debug|Any CPU
		{225CCC88-D3F3-4BE0-BD04-7C4A0A19351E}.Release|Any CPU.ActiveCfg = Release|Any CPU
		{225CCC88-D3F3-4BE0-BD04-7C4A0A19351E}.Release|Any CPU.Build.0 = Release|Any CPU
		{C6C62AD2-6570-439C-B258-24FF1C1A20EB}.Debug|Any CPU.ActiveCfg = Debug|Any CPU
		{C6C62AD2-6570-439C-B258-24FF1C1A20EB}.Debug|Any CPU.Build.0 = Debug|Any CPU
		{C6C62AD2-6570-439C-B258-24FF1C1A20EB}.Release|Any CPU.ActiveCfg = Release|Any CPU
		{C6C62AD2-6570-439C-B258-24FF1C1A20EB}.Release|Any CPU.Build.0 = Release|Any CPU
		{6AF9D09D-CEF0-4CF3-BFA6-A994DA5B3C8F}.Debug|Any CPU.ActiveCfg = Debug|Any CPU
		{6AF9D09D-CEF0-4CF3-BFA6-A994DA5B3C8F}.Debug|Any CPU.Build.0 = Debug|Any CPU
		{6AF9D09D-CEF0-4CF3-BFA6-A994DA5B3C8F}.Release|Any CPU.ActiveCfg = Release|Any CPU
		{6AF9D09D-CEF0-4CF3-BFA6-A994DA5B3C8F}.Release|Any CPU.Build.0 = Release|Any CPU
		{13D9BF58-1D13-4EC2-85DD-B72B1205AD4C}.Debug|Any CPU.ActiveCfg = Debug|Any CPU
		{13D9BF58-1D13-4EC2-85DD-B72B1205AD4C}.Debug|Any CPU.Build.0 = Debug|Any CPU
		{13D9BF58-1D13-4EC2-85DD-B72B1205AD4C}.Release|Any CPU.ActiveCfg = Release|Any CPU
		{13D9BF58-1D13-4EC2-85DD-B72B1205AD4C}.Release|Any CPU.Build.0 = Release|Any CPU
		{097DF7FE-DCBC-4E70-A232-6961D691F488}.Debug|Any CPU.ActiveCfg = Debug|Any CPU
		{097DF7FE-DCBC-4E70-A232-6961D691F488}.Debug|Any CPU.Build.0 = Debug|Any CPU
		{097DF7FE-DCBC-4E70-A232-6961D691F488}.Release|Any CPU.ActiveCfg = Release|Any CPU
		{097DF7FE-DCBC-4E70-A232-6961D691F488}.Release|Any CPU.Build.0 = Release|Any CPU
		{589BC0D3-E730-4829-9C1B-261106BAA1FE}.Debug|Any CPU.ActiveCfg = Debug|Any CPU
		{589BC0D3-E730-4829-9C1B-261106BAA1FE}.Debug|Any CPU.Build.0 = Debug|Any CPU
		{589BC0D3-E730-4829-9C1B-261106BAA1FE}.Release|Any CPU.ActiveCfg = Release|Any CPU
		{589BC0D3-E730-4829-9C1B-261106BAA1FE}.Release|Any CPU.Build.0 = Release|Any CPU
		{7E7AF3BB-E0F9-4B39-B008-0956C44327DE}.Debug|Any CPU.ActiveCfg = Debug|Any CPU
		{7E7AF3BB-E0F9-4B39-B008-0956C44327DE}.Debug|Any CPU.Build.0 = Debug|Any CPU
		{7E7AF3BB-E0F9-4B39-B008-0956C44327DE}.Release|Any CPU.ActiveCfg = Release|Any CPU
		{7E7AF3BB-E0F9-4B39-B008-0956C44327DE}.Release|Any CPU.Build.0 = Release|Any CPU
		{BDCC92A1-7131-47DD-B8F5-369C124838A3}.Debug|Any CPU.ActiveCfg = Debug|Any CPU
		{BDCC92A1-7131-47DD-B8F5-369C124838A3}.Debug|Any CPU.Build.0 = Debug|Any CPU
		{BDCC92A1-7131-47DD-B8F5-369C124838A3}.Release|Any CPU.ActiveCfg = Release|Any CPU
		{BDCC92A1-7131-47DD-B8F5-369C124838A3}.Release|Any CPU.Build.0 = Release|Any CPU
		{4A57987E-4AB1-4597-BF71-FC0FDB8DF1D8}.Debug|Any CPU.ActiveCfg = Debug|Any CPU
		{4A57987E-4AB1-4597-BF71-FC0FDB8DF1D8}.Debug|Any CPU.Build.0 = Debug|Any CPU
		{4A57987E-4AB1-4597-BF71-FC0FDB8DF1D8}.Release|Any CPU.ActiveCfg = Release|Any CPU
		{4A57987E-4AB1-4597-BF71-FC0FDB8DF1D8}.Release|Any CPU.Build.0 = Release|Any CPU
		{0EFFF790-5E7C-44B3-BA17-6D50B7CE6F01}.Debug|Any CPU.ActiveCfg = Debug|Any CPU
		{0EFFF790-5E7C-44B3-BA17-6D50B7CE6F01}.Debug|Any CPU.Build.0 = Debug|Any CPU
		{0EFFF790-5E7C-44B3-BA17-6D50B7CE6F01}.Release|Any CPU.ActiveCfg = Release|Any CPU
		{0EFFF790-5E7C-44B3-BA17-6D50B7CE6F01}.Release|Any CPU.Build.0 = Release|Any CPU
		{AC5BFA66-7577-4D04-A9B6-530206C65815}.Debug|Any CPU.ActiveCfg = Debug|Any CPU
		{AC5BFA66-7577-4D04-A9B6-530206C65815}.Debug|Any CPU.Build.0 = Debug|Any CPU
		{AC5BFA66-7577-4D04-A9B6-530206C65815}.Release|Any CPU.ActiveCfg = Release|Any CPU
		{AC5BFA66-7577-4D04-A9B6-530206C65815}.Release|Any CPU.Build.0 = Release|Any CPU
		{D5135C35-786E-4124-9B54-A658FF79001D}.Debug|Any CPU.ActiveCfg = Debug|Any CPU
		{D5135C35-786E-4124-9B54-A658FF79001D}.Debug|Any CPU.Build.0 = Debug|Any CPU
		{D5135C35-786E-4124-9B54-A658FF79001D}.Release|Any CPU.ActiveCfg = Release|Any CPU
		{D5135C35-786E-4124-9B54-A658FF79001D}.Release|Any CPU.Build.0 = Release|Any CPU
		{5A300BB8-EB74-4D03-9C40-FE207F045F4C}.Debug|Any CPU.ActiveCfg = Debug|Any CPU
		{5A300BB8-EB74-4D03-9C40-FE207F045F4C}.Debug|Any CPU.Build.0 = Debug|Any CPU
		{5A300BB8-EB74-4D03-9C40-FE207F045F4C}.Release|Any CPU.ActiveCfg = Release|Any CPU
		{5A300BB8-EB74-4D03-9C40-FE207F045F4C}.Release|Any CPU.Build.0 = Release|Any CPU
		{08A5151B-7514-4144-9F24-2A8FAF02B369}.Debug|Any CPU.ActiveCfg = Debug|Any CPU
		{08A5151B-7514-4144-9F24-2A8FAF02B369}.Debug|Any CPU.Build.0 = Debug|Any CPU
		{08A5151B-7514-4144-9F24-2A8FAF02B369}.Release|Any CPU.ActiveCfg = Release|Any CPU
		{08A5151B-7514-4144-9F24-2A8FAF02B369}.Release|Any CPU.Build.0 = Release|Any CPU
		{389C020C-515F-47B7-B8AA-18DA0B75264E}.Debug|Any CPU.ActiveCfg = Debug|Any CPU
		{389C020C-515F-47B7-B8AA-18DA0B75264E}.Debug|Any CPU.Build.0 = Debug|Any CPU
		{389C020C-515F-47B7-B8AA-18DA0B75264E}.Release|Any CPU.ActiveCfg = Release|Any CPU
		{389C020C-515F-47B7-B8AA-18DA0B75264E}.Release|Any CPU.Build.0 = Release|Any CPU
		{52A2B893-1FB1-4AA1-BE55-85A54221E016}.Debug|Any CPU.ActiveCfg = Debug|Any CPU
		{52A2B893-1FB1-4AA1-BE55-85A54221E016}.Debug|Any CPU.Build.0 = Debug|Any CPU
		{52A2B893-1FB1-4AA1-BE55-85A54221E016}.Release|Any CPU.ActiveCfg = Release|Any CPU
		{52A2B893-1FB1-4AA1-BE55-85A54221E016}.Release|Any CPU.Build.0 = Release|Any CPU
		{6603C114-9F29-48C0-B70A-DB46F0DB0102}.Debug|Any CPU.ActiveCfg = Debug|Any CPU
		{6603C114-9F29-48C0-B70A-DB46F0DB0102}.Debug|Any CPU.Build.0 = Debug|Any CPU
		{6603C114-9F29-48C0-B70A-DB46F0DB0102}.Release|Any CPU.ActiveCfg = Release|Any CPU
		{6603C114-9F29-48C0-B70A-DB46F0DB0102}.Release|Any CPU.Build.0 = Release|Any CPU
		{136D7D9A-200A-46C1-BDB6-FF62C82D1820}.Debug|Any CPU.ActiveCfg = Debug|Any CPU
		{136D7D9A-200A-46C1-BDB6-FF62C82D1820}.Debug|Any CPU.Build.0 = Debug|Any CPU
		{136D7D9A-200A-46C1-BDB6-FF62C82D1820}.Release|Any CPU.ActiveCfg = Release|Any CPU
		{136D7D9A-200A-46C1-BDB6-FF62C82D1820}.Release|Any CPU.Build.0 = Release|Any CPU
		{5E573D29-FCF4-4192-8802-98B45F3F078F}.Debug|Any CPU.ActiveCfg = Debug|Any CPU
		{5E573D29-FCF4-4192-8802-98B45F3F078F}.Debug|Any CPU.Build.0 = Debug|Any CPU
		{5E573D29-FCF4-4192-8802-98B45F3F078F}.Release|Any CPU.ActiveCfg = Release|Any CPU
		{5E573D29-FCF4-4192-8802-98B45F3F078F}.Release|Any CPU.Build.0 = Release|Any CPU
		{92162617-5666-46C5-A74D-C49E656A50B1}.Debug|Any CPU.ActiveCfg = Debug|Any CPU
		{92162617-5666-46C5-A74D-C49E656A50B1}.Debug|Any CPU.Build.0 = Debug|Any CPU
		{92162617-5666-46C5-A74D-C49E656A50B1}.Release|Any CPU.ActiveCfg = Release|Any CPU
		{92162617-5666-46C5-A74D-C49E656A50B1}.Release|Any CPU.Build.0 = Release|Any CPU
		{BE4C2779-A807-452D-A59E-7A796BA3F926}.Debug|Any CPU.ActiveCfg = Debug|Any CPU
		{BE4C2779-A807-452D-A59E-7A796BA3F926}.Debug|Any CPU.Build.0 = Debug|Any CPU
		{BE4C2779-A807-452D-A59E-7A796BA3F926}.Release|Any CPU.ActiveCfg = Release|Any CPU
		{BE4C2779-A807-452D-A59E-7A796BA3F926}.Release|Any CPU.Build.0 = Release|Any CPU
		{2A69050F-17FD-4341-A6F3-85FD01F1899D}.Debug|Any CPU.ActiveCfg = Debug|Any CPU
		{2A69050F-17FD-4341-A6F3-85FD01F1899D}.Debug|Any CPU.Build.0 = Debug|Any CPU
		{2A69050F-17FD-4341-A6F3-85FD01F1899D}.Release|Any CPU.ActiveCfg = Release|Any CPU
		{2A69050F-17FD-4341-A6F3-85FD01F1899D}.Release|Any CPU.Build.0 = Release|Any CPU
		{6A580893-5724-48C7-B99C-9A8406DE5FD7}.Debug|Any CPU.ActiveCfg = Debug|Any CPU
		{6A580893-5724-48C7-B99C-9A8406DE5FD7}.Debug|Any CPU.Build.0 = Debug|Any CPU
		{6A580893-5724-48C7-B99C-9A8406DE5FD7}.Release|Any CPU.ActiveCfg = Release|Any CPU
		{6A580893-5724-48C7-B99C-9A8406DE5FD7}.Release|Any CPU.Build.0 = Release|Any CPU
		{C38EAF3A-EAB2-4639-8563-C06058517904}.Debug|Any CPU.ActiveCfg = Debug|Any CPU
		{C38EAF3A-EAB2-4639-8563-C06058517904}.Debug|Any CPU.Build.0 = Debug|Any CPU
		{C38EAF3A-EAB2-4639-8563-C06058517904}.Release|Any CPU.ActiveCfg = Release|Any CPU
		{C38EAF3A-EAB2-4639-8563-C06058517904}.Release|Any CPU.Build.0 = Release|Any CPU
		{D308802A-D95E-4BB5-829D-273A35E85637}.Debug|Any CPU.ActiveCfg = Debug|Any CPU
		{D308802A-D95E-4BB5-829D-273A35E85637}.Debug|Any CPU.Build.0 = Debug|Any CPU
		{D308802A-D95E-4BB5-829D-273A35E85637}.Release|Any CPU.ActiveCfg = Release|Any CPU
		{D308802A-D95E-4BB5-829D-273A35E85637}.Release|Any CPU.Build.0 = Release|Any CPU
		{BA07C60A-EDCE-4AF1-96C3-7440F634B15F}.Debug|Any CPU.ActiveCfg = Debug|Any CPU
		{BA07C60A-EDCE-4AF1-96C3-7440F634B15F}.Debug|Any CPU.Build.0 = Debug|Any CPU
		{BA07C60A-EDCE-4AF1-96C3-7440F634B15F}.Release|Any CPU.ActiveCfg = Release|Any CPU
		{BA07C60A-EDCE-4AF1-96C3-7440F634B15F}.Release|Any CPU.Build.0 = Release|Any CPU
		{8F8EBC0D-8C3D-45F8-ADB0-47A468E7B141}.Debug|Any CPU.ActiveCfg = Debug|Any CPU
		{8F8EBC0D-8C3D-45F8-ADB0-47A468E7B141}.Debug|Any CPU.Build.0 = Debug|Any CPU
		{8F8EBC0D-8C3D-45F8-ADB0-47A468E7B141}.Release|Any CPU.ActiveCfg = Release|Any CPU
		{8F8EBC0D-8C3D-45F8-ADB0-47A468E7B141}.Release|Any CPU.Build.0 = Release|Any CPU
		{0976587F-4190-4697-9A7F-2A13C4BA4640}.Debug|Any CPU.ActiveCfg = Debug|Any CPU
		{0976587F-4190-4697-9A7F-2A13C4BA4640}.Debug|Any CPU.Build.0 = Debug|Any CPU
		{0976587F-4190-4697-9A7F-2A13C4BA4640}.Release|Any CPU.ActiveCfg = Release|Any CPU
		{0976587F-4190-4697-9A7F-2A13C4BA4640}.Release|Any CPU.Build.0 = Release|Any CPU
		{8BC37690-4F68-4244-91EC-8CC65B60C31E}.Debug|Any CPU.ActiveCfg = Debug|Any CPU
		{8BC37690-4F68-4244-91EC-8CC65B60C31E}.Debug|Any CPU.Build.0 = Debug|Any CPU
		{8BC37690-4F68-4244-91EC-8CC65B60C31E}.Release|Any CPU.ActiveCfg = Release|Any CPU
		{8BC37690-4F68-4244-91EC-8CC65B60C31E}.Release|Any CPU.Build.0 = Release|Any CPU
		{5251D100-FD88-44AD-B44A-FC23769E9593}.Debug|Any CPU.ActiveCfg = Debug|Any CPU
		{5251D100-FD88-44AD-B44A-FC23769E9593}.Debug|Any CPU.Build.0 = Debug|Any CPU
		{5251D100-FD88-44AD-B44A-FC23769E9593}.Release|Any CPU.ActiveCfg = Release|Any CPU
		{5251D100-FD88-44AD-B44A-FC23769E9593}.Release|Any CPU.Build.0 = Release|Any CPU
		{F9404865-31E5-4950-B169-8136FFF15C13}.Debug|Any CPU.ActiveCfg = Debug|Any CPU
		{F9404865-31E5-4950-B169-8136FFF15C13}.Debug|Any CPU.Build.0 = Debug|Any CPU
		{F9404865-31E5-4950-B169-8136FFF15C13}.Release|Any CPU.ActiveCfg = Release|Any CPU
		{F9404865-31E5-4950-B169-8136FFF15C13}.Release|Any CPU.Build.0 = Release|Any CPU
		{DDC0DAFF-12DA-430B-8425-191FF6962C00}.Debug|Any CPU.ActiveCfg = Debug|Any CPU
		{DDC0DAFF-12DA-430B-8425-191FF6962C00}.Debug|Any CPU.Build.0 = Debug|Any CPU
		{DDC0DAFF-12DA-430B-8425-191FF6962C00}.Release|Any CPU.ActiveCfg = Release|Any CPU
		{DDC0DAFF-12DA-430B-8425-191FF6962C00}.Release|Any CPU.Build.0 = Release|Any CPU
		{1DA80FBC-6C49-49BC-AD39-2148F49082A4}.Debug|Any CPU.ActiveCfg = Debug|Any CPU
		{1DA80FBC-6C49-49BC-AD39-2148F49082A4}.Debug|Any CPU.Build.0 = Debug|Any CPU
		{1DA80FBC-6C49-49BC-AD39-2148F49082A4}.Release|Any CPU.ActiveCfg = Release|Any CPU
		{1DA80FBC-6C49-49BC-AD39-2148F49082A4}.Release|Any CPU.Build.0 = Release|Any CPU
		{88273EC8-CAE3-4B41-BC26-39FD5E8C9D72}.Debug|Any CPU.ActiveCfg = Debug|Any CPU
		{88273EC8-CAE3-4B41-BC26-39FD5E8C9D72}.Debug|Any CPU.Build.0 = Debug|Any CPU
		{88273EC8-CAE3-4B41-BC26-39FD5E8C9D72}.Release|Any CPU.ActiveCfg = Release|Any CPU
		{88273EC8-CAE3-4B41-BC26-39FD5E8C9D72}.Release|Any CPU.Build.0 = Release|Any CPU
		{FB17B2AE-B95D-4569-9013-6588C805E208}.Debug|Any CPU.ActiveCfg = Debug|Any CPU
		{FB17B2AE-B95D-4569-9013-6588C805E208}.Debug|Any CPU.Build.0 = Debug|Any CPU
		{FB17B2AE-B95D-4569-9013-6588C805E208}.Release|Any CPU.ActiveCfg = Release|Any CPU
		{FB17B2AE-B95D-4569-9013-6588C805E208}.Release|Any CPU.Build.0 = Release|Any CPU
		{5A14A71B-16B4-4BB9-ADD0-0905BF9D5EB2}.Debug|Any CPU.ActiveCfg = Debug|Any CPU
		{5A14A71B-16B4-4BB9-ADD0-0905BF9D5EB2}.Debug|Any CPU.Build.0 = Debug|Any CPU
		{5A14A71B-16B4-4BB9-ADD0-0905BF9D5EB2}.Release|Any CPU.ActiveCfg = Release|Any CPU
		{5A14A71B-16B4-4BB9-ADD0-0905BF9D5EB2}.Release|Any CPU.Build.0 = Release|Any CPU
		{8E792B6F-95D6-42C2-8F70-0D2946B3AE84}.Debug|Any CPU.ActiveCfg = Debug|Any CPU
		{8E792B6F-95D6-42C2-8F70-0D2946B3AE84}.Debug|Any CPU.Build.0 = Debug|Any CPU
		{8E792B6F-95D6-42C2-8F70-0D2946B3AE84}.Release|Any CPU.ActiveCfg = Release|Any CPU
		{8E792B6F-95D6-42C2-8F70-0D2946B3AE84}.Release|Any CPU.Build.0 = Release|Any CPU
		{63ACD4B9-6BBB-4013-8E3E-B4F90E5150BF}.Debug|Any CPU.ActiveCfg = Debug|Any CPU
		{63ACD4B9-6BBB-4013-8E3E-B4F90E5150BF}.Debug|Any CPU.Build.0 = Debug|Any CPU
		{63ACD4B9-6BBB-4013-8E3E-B4F90E5150BF}.Release|Any CPU.ActiveCfg = Release|Any CPU
		{63ACD4B9-6BBB-4013-8E3E-B4F90E5150BF}.Release|Any CPU.Build.0 = Release|Any CPU
		{0896EB8F-DCA4-45E0-BE9D-5EA0F621E96A}.Debug|Any CPU.ActiveCfg = Debug|Any CPU
		{0896EB8F-DCA4-45E0-BE9D-5EA0F621E96A}.Debug|Any CPU.Build.0 = Debug|Any CPU
		{0896EB8F-DCA4-45E0-BE9D-5EA0F621E96A}.Release|Any CPU.ActiveCfg = Release|Any CPU
		{0896EB8F-DCA4-45E0-BE9D-5EA0F621E96A}.Release|Any CPU.Build.0 = Release|Any CPU
	EndGlobalSection
	GlobalSection(SolutionProperties) = preSolution
		HideSolutionNode = FALSE
	EndGlobalSection
	GlobalSection(NestedProjects) = preSolution
		{8BC37690-4F68-4244-91EC-8CC65B60C31E} = {8859408A-7285-4FB1-B86F-8B860F2AFB0D}
		{F9404865-31E5-4950-B169-8136FFF15C13} = {8859408A-7285-4FB1-B86F-8B860F2AFB0D}
		{DDC0DAFF-12DA-430B-8425-191FF6962C00} = {8859408A-7285-4FB1-B86F-8B860F2AFB0D}
		{1DA80FBC-6C49-49BC-AD39-2148F49082A4} = {8859408A-7285-4FB1-B86F-8B860F2AFB0D}
		{88273EC8-CAE3-4B41-BC26-39FD5E8C9D72} = {8859408A-7285-4FB1-B86F-8B860F2AFB0D}
		{FB17B2AE-B95D-4569-9013-6588C805E208} = {8859408A-7285-4FB1-B86F-8B860F2AFB0D}
		{5A14A71B-16B4-4BB9-ADD0-0905BF9D5EB2} = {8859408A-7285-4FB1-B86F-8B860F2AFB0D}
		{8E792B6F-95D6-42C2-8F70-0D2946B3AE84} = {37171343-D83B-40D1-92C5-EF77BC333DEC}
		{63ACD4B9-6BBB-4013-8E3E-B4F90E5150BF} = {37171343-D83B-40D1-92C5-EF77BC333DEC}
		{0896EB8F-DCA4-45E0-BE9D-5EA0F621E96A} = {37171343-D83B-40D1-92C5-EF77BC333DEC}
	EndGlobalSection
	GlobalSection(ExtensibilityGlobals) = postSolution
		SolutionGuid = {9CA38A56-2F43-4278-859A-30EBE02B02FA}
	EndGlobalSection
EndGlobal
