
Microsoft Visual Studio Solution File, Format Version 12.00
# Visual Studio Version 16
VisualStudioVersion = 16.0.31729.503
MinimumVisualStudioVersion = 10.0.40219.1
Project("{9A19103F-16F7-4668-BE54-9A1E7A4F7556}") = "LinqBasic", "LinqBasic\LinqBasic.csproj", "{225CCC88-D3F3-4BE0-BD04-7C4A0A19351E}"
EndProject
Project("{9A19103F-16F7-4668-BE54-9A1E7A4F7556}") = "ExtensionMethods", "Extension\ExtensionMethods.csproj", "{C6C62AD2-6570-439C-B258-24FF1C1A20EB}"
EndProject
Project("{9A19103F-16F7-4668-BE54-9A1E7A4F7556}") = "LamdaExpression", "LamdaExpression\LamdaExpression.csproj", "{6AF9D09D-CEF0-4CF3-BFA6-A994DA5B3C8F}"
EndProject
Project("{9A19103F-16F7-4668-BE54-9A1E7A4F7556}") = "ActionVsFunc", "ActionVsFunc\ActionVsFunc.csproj", "{13D9BF58-1D13-4EC2-85DD-B72B1205AD4C}"
EndProject
Project("{9A19103F-16F7-4668-BE54-9A1E7A4F7556}") = "QueryAndMethodSyntax", "QueryAndMethodSyntax\QueryAndMethodSyntax.csproj", "{097DF7FE-DCBC-4E70-A232-6961D691F488}"
EndProject
Project("{9A19103F-16F7-4668-BE54-9A1E7A4F7556}") = "CustomFilterOperator", "CustomFilterOperator\CustomFilterOperator.csproj", "{589BC0D3-E730-4829-9C1B-261106BAA1FE}"
EndProject
Project("{FAE04EC0-301F-11D3-BF4B-00C04F79EFBC}") = "FilteringOperator", "FilteringOperator\FilteringOperator.csproj", "{7E7AF3BB-E0F9-4B39-B008-0956C44327DE}"
EndProject
Global
	GlobalSection(SolutionConfigurationPlatforms) = preSolution
		Debug|Any CPU = Debug|Any CPU
		Release|Any CPU = Release|Any CPU
	EndGlobalSection
	GlobalSection(ProjectConfigurationPlatforms) = postSolution
		{225CCC88-D3F3-4BE0-BD04-7C4A0A19351E}.Debug|Any CPU.ActiveCfg = Debug|Any CPU
		{225CCC88-D3F3-4BE0-BD04-7C4A0A19351E}.Debug|Any CPU.Build.0 = Debug|Any CPU
		{225CCC88-D3F3-4BE0-BD04-7C4A0A19351E}.Release|Any CPU.ActiveCfg = Release|Any CPU
		{225CCC88-D3F3-4BE0-BD04-7C4A0A19351E}.Release|Any CPU.Build.0 = Release|Any CPU
		{C6C62AD2-6570-439C-B258-24FF1C1A20EB}.Debug|Any CPU.ActiveCfg = Debug|Any CPU
		{C6C62AD2-6570-439C-B258-24FF1C1A20EB}.Debug|Any CPU.Build.0 = Debug|Any CPU
		{C6C62AD2-6570-439C-B258-24FF1C1A20EB}.Release|Any CPU.ActiveCfg = Release|Any CPU
		{C6C62AD2-6570-439C-B258-24FF1C1A20EB}.Release|Any CPU.Build.0 = Release|Any CPU
		{6AF9D09D-CEF0-4CF3-BFA6-A994DA5B3C8F}.Debug|Any CPU.ActiveCfg = Debug|Any CPU
		{6AF9D09D-CEF0-4CF3-BFA6-A994DA5B3C8F}.Debug|Any CPU.Build.0 = Debug|Any CPU
		{6AF9D09D-CEF0-4CF3-BFA6-A994DA5B3C8F}.Release|Any CPU.ActiveCfg = Release|Any CPU
		{6AF9D09D-CEF0-4CF3-BFA6-A994DA5B3C8F}.Release|Any CPU.Build.0 = Release|Any CPU
		{13D9BF58-1D13-4EC2-85DD-B72B1205AD4C}.Debug|Any CPU.ActiveCfg = Debug|Any CPU
		{13D9BF58-1D13-4EC2-85DD-B72B1205AD4C}.Debug|Any CPU.Build.0 = Debug|Any CPU
		{13D9BF58-1D13-4EC2-85DD-B72B1205AD4C}.Release|Any CPU.ActiveCfg = Release|Any CPU
		{13D9BF58-1D13-4EC2-85DD-B72B1205AD4C}.Release|Any CPU.Build.0 = Release|Any CPU
		{097DF7FE-DCBC-4E70-A232-6961D691F488}.Debug|Any CPU.ActiveCfg = Debug|Any CPU
		{097DF7FE-DCBC-4E70-A232-6961D691F488}.Debug|Any CPU.Build.0 = Debug|Any CPU
		{097DF7FE-DCBC-4E70-A232-6961D691F488}.Release|Any CPU.ActiveCfg = Release|Any CPU
		{097DF7FE-DCBC-4E70-A232-6961D691F488}.Release|Any CPU.Build.0 = Release|Any CPU
		{589BC0D3-E730-4829-9C1B-261106BAA1FE}.Debug|Any CPU.ActiveCfg = Debug|Any CPU
		{589BC0D3-E730-4829-9C1B-261106BAA1FE}.Debug|Any CPU.Build.0 = Debug|Any CPU
		{589BC0D3-E730-4829-9C1B-261106BAA1FE}.Release|Any CPU.ActiveCfg = Release|Any CPU
		{589BC0D3-E730-4829-9C1B-261106BAA1FE}.Release|Any CPU.Build.0 = Release|Any CPU
		{7E7AF3BB-E0F9-4B39-B008-0956C44327DE}.Debug|Any CPU.ActiveCfg = Debug|Any CPU
		{7E7AF3BB-E0F9-4B39-B008-0956C44327DE}.Debug|Any CPU.Build.0 = Debug|Any CPU
		{7E7AF3BB-E0F9-4B39-B008-0956C44327DE}.Release|Any CPU.ActiveCfg = Release|Any CPU
		{7E7AF3BB-E0F9-4B39-B008-0956C44327DE}.Release|Any CPU.Build.0 = Release|Any CPU
	EndGlobalSection
	GlobalSection(SolutionProperties) = preSolution
		HideSolutionNode = FALSE
	EndGlobalSection
	GlobalSection(ExtensibilityGlobals) = postSolution
		SolutionGuid = {9CA38A56-2F43-4278-859A-30EBE02B02FA}
	EndGlobalSection
EndGlobal
